// !$*UTF8*$!
{
	archiveVersion = 1;
	classes = {
	};
	objectVersion = 56;
	objects = {

/* Begin PBXBuildFile section */
		3E279ADE2A601EFC0050E32E /* song.mp3 in Resources */ = {isa = PBXBuildFile; fileRef = 3E279ADD2A601EFC0050E32E /* song.mp3 */; };
		3E279AE02A601FDF0050E32E /* HapticsView_Music.swift in Sources */ = {isa = PBXBuildFile; fileRef = 3E279ADF2A601FDF0050E32E /* HapticsView_Music.swift */; };
		3E279AE22A602D110050E32E /* SpriteBoxView.swift in Sources */ = {isa = PBXBuildFile; fileRef = 3E279AE12A602D110050E32E /* SpriteBoxView.swift */; };
		3E709EC92A5D112E004A9BC4 /* StaticText_AtributedString.swift in Sources */ = {isa = PBXBuildFile; fileRef = 3E709EC82A5D112E004A9BC4 /* StaticText_AtributedString.swift */; };
		3E709ECB2A5D2415004A9BC4 /* StaticText_TextAlignment.swift in Sources */ = {isa = PBXBuildFile; fileRef = 3E709ECA2A5D2415004A9BC4 /* StaticText_TextAlignment.swift */; };
		3E709ECE2A5D2D66004A9BC4 /* ImageView.swift in Sources */ = {isa = PBXBuildFile; fileRef = 3E709ECD2A5D2D66004A9BC4 /* ImageView.swift */; };
		3E709ED02A5D3010004A9BC4 /* Image_Resize.swift in Sources */ = {isa = PBXBuildFile; fileRef = 3E709ECF2A5D3010004A9BC4 /* Image_Resize.swift */; };
		3E709ED22A5D309B004A9BC4 /* Image_Tile.swift in Sources */ = {isa = PBXBuildFile; fileRef = 3E709ED12A5D309B004A9BC4 /* Image_Tile.swift */; };
		3E709ED42A5D3618004A9BC4 /* Image_SFSymbols.swift in Sources */ = {isa = PBXBuildFile; fileRef = 3E709ED32A5D3618004A9BC4 /* Image_SFSymbols.swift */; };
		3E709ED62A5D3A0C004A9BC4 /* Image_Shape.swift in Sources */ = {isa = PBXBuildFile; fileRef = 3E709ED52A5D3A0C004A9BC4 /* Image_Shape.swift */; };
		3E709ED82A5D4202004A9BC4 /* VideoView.swift in Sources */ = {isa = PBXBuildFile; fileRef = 3E709ED72A5D4202004A9BC4 /* VideoView.swift */; };
		3E709EDD2A5D4593004A9BC4 /* ikigai.mov in Resources */ = {isa = PBXBuildFile; fileRef = 3E709EDC2A5D4593004A9BC4 /* ikigai.mov */; };
		3E709EDF2A5D4EDF004A9BC4 /* HapticsView.swift in Sources */ = {isa = PBXBuildFile; fileRef = 3E709EDE2A5D4EDF004A9BC4 /* HapticsView.swift */; };
		3E75FFE32A5FCDC60023E4D7 /* HapticEngine.swift in Sources */ = {isa = PBXBuildFile; fileRef = 3E75FFE22A5FCDC60023E4D7 /* HapticEngine.swift */; };
		3E7E4F082A59451C00FB3DF7 /* SwiftUICatalogApp.swift in Sources */ = {isa = PBXBuildFile; fileRef = 3E7E4F072A59451C00FB3DF7 /* SwiftUICatalogApp.swift */; };
		3E7E4F0A2A59451C00FB3DF7 /* StaticTextView.swift in Sources */ = {isa = PBXBuildFile; fileRef = 3E7E4F092A59451C00FB3DF7 /* StaticTextView.swift */; };
		3E7E4F0C2A59451D00FB3DF7 /* Assets.xcassets in Resources */ = {isa = PBXBuildFile; fileRef = 3E7E4F0B2A59451D00FB3DF7 /* Assets.xcassets */; };
		3E7E4F0F2A59451D00FB3DF7 /* Preview Assets.xcassets in Resources */ = {isa = PBXBuildFile; fileRef = 3E7E4F0E2A59451D00FB3DF7 /* Preview Assets.xcassets */; };
		3E7E4F192A59451D00FB3DF7 /* CatalogTests.swift in Sources */ = {isa = PBXBuildFile; fileRef = 3E7E4F182A59451D00FB3DF7 /* CatalogTests.swift */; };
		3E7E4F232A59451D00FB3DF7 /* CatalogUITests.swift in Sources */ = {isa = PBXBuildFile; fileRef = 3E7E4F222A59451D00FB3DF7 /* CatalogUITests.swift */; };
		3E7E4F252A59451D00FB3DF7 /* CatalogUITestsLaunchTests.swift in Sources */ = {isa = PBXBuildFile; fileRef = 3E7E4F242A59451D00FB3DF7 /* CatalogUITestsLaunchTests.swift */; };
		3E7E4F322A59454500FB3DF7 /* MainView.swift in Sources */ = {isa = PBXBuildFile; fileRef = 3E7E4F312A59454500FB3DF7 /* MainView.swift */; };
		3E7E4F342A594E6000FB3DF7 /* StaticText_Length.swift in Sources */ = {isa = PBXBuildFile; fileRef = 3E7E4F332A594E6000FB3DF7 /* StaticText_Length.swift */; };
		3E7E4F362A594EAD00FB3DF7 /* StaticText_Style.swift in Sources */ = {isa = PBXBuildFile; fileRef = 3E7E4F352A594EAD00FB3DF7 /* StaticText_Style.swift */; };
/* End PBXBuildFile section */

/* Begin PBXContainerItemProxy section */
		3E7E4F152A59451D00FB3DF7 /* PBXContainerItemProxy */ = {
			isa = PBXContainerItemProxy;
			containerPortal = 3E7E4EFC2A59451C00FB3DF7 /* Project object */;
			proxyType = 1;
			remoteGlobalIDString = 3E7E4F032A59451C00FB3DF7;
			remoteInfo = Catalog;
		};
		3E7E4F1F2A59451D00FB3DF7 /* PBXContainerItemProxy */ = {
			isa = PBXContainerItemProxy;
			containerPortal = 3E7E4EFC2A59451C00FB3DF7 /* Project object */;
			proxyType = 1;
			remoteGlobalIDString = 3E7E4F032A59451C00FB3DF7;
			remoteInfo = Catalog;
		};
/* End PBXContainerItemProxy section */

/* Begin PBXFileReference section */
		3E279ADD2A601EFC0050E32E /* song.mp3 */ = {isa = PBXFileReference; lastKnownFileType = audio.mp3; path = song.mp3; sourceTree = "<group>"; };
		3E279ADF2A601FDF0050E32E /* HapticsView_Music.swift */ = {isa = PBXFileReference; lastKnownFileType = sourcecode.swift; path = HapticsView_Music.swift; sourceTree = "<group>"; };
		3E279AE12A602D110050E32E /* SpriteBoxView.swift */ = {isa = PBXFileReference; lastKnownFileType = sourcecode.swift; path = SpriteBoxView.swift; sourceTree = "<group>"; };
		3E709EC82A5D112E004A9BC4 /* StaticText_AtributedString.swift */ = {isa = PBXFileReference; lastKnownFileType = sourcecode.swift; path = StaticText_AtributedString.swift; sourceTree = "<group>"; };
		3E709ECA2A5D2415004A9BC4 /* StaticText_TextAlignment.swift */ = {isa = PBXFileReference; lastKnownFileType = sourcecode.swift; path = StaticText_TextAlignment.swift; sourceTree = "<group>"; };
		3E709ECD2A5D2D66004A9BC4 /* ImageView.swift */ = {isa = PBXFileReference; lastKnownFileType = sourcecode.swift; path = ImageView.swift; sourceTree = "<group>"; };
		3E709ECF2A5D3010004A9BC4 /* Image_Resize.swift */ = {isa = PBXFileReference; lastKnownFileType = sourcecode.swift; path = Image_Resize.swift; sourceTree = "<group>"; };
		3E709ED12A5D309B004A9BC4 /* Image_Tile.swift */ = {isa = PBXFileReference; lastKnownFileType = sourcecode.swift; path = Image_Tile.swift; sourceTree = "<group>"; };
		3E709ED32A5D3618004A9BC4 /* Image_SFSymbols.swift */ = {isa = PBXFileReference; lastKnownFileType = sourcecode.swift; path = Image_SFSymbols.swift; sourceTree = "<group>"; };
		3E709ED52A5D3A0C004A9BC4 /* Image_Shape.swift */ = {isa = PBXFileReference; lastKnownFileType = sourcecode.swift; path = Image_Shape.swift; sourceTree = "<group>"; };
		3E709ED72A5D4202004A9BC4 /* VideoView.swift */ = {isa = PBXFileReference; lastKnownFileType = sourcecode.swift; path = VideoView.swift; sourceTree = "<group>"; };
		3E709EDC2A5D4593004A9BC4 /* ikigai.mov */ = {isa = PBXFileReference; lastKnownFileType = video.quicktime; path = ikigai.mov; sourceTree = "<group>"; };
		3E709EDE2A5D4EDF004A9BC4 /* HapticsView.swift */ = {isa = PBXFileReference; lastKnownFileType = sourcecode.swift; path = HapticsView.swift; sourceTree = "<group>"; };
		3E75FFE22A5FCDC60023E4D7 /* HapticEngine.swift */ = {isa = PBXFileReference; lastKnownFileType = sourcecode.swift; path = HapticEngine.swift; sourceTree = "<group>"; };
		3E7E4F042A59451C00FB3DF7 /* SwiftUICatalog.app */ = {isa = PBXFileReference; explicitFileType = wrapper.application; includeInIndex = 0; path = SwiftUICatalog.app; sourceTree = BUILT_PRODUCTS_DIR; };
		3E7E4F072A59451C00FB3DF7 /* SwiftUICatalogApp.swift */ = {isa = PBXFileReference; lastKnownFileType = sourcecode.swift; path = SwiftUICatalogApp.swift; sourceTree = "<group>"; };
		3E7E4F092A59451C00FB3DF7 /* StaticTextView.swift */ = {isa = PBXFileReference; lastKnownFileType = sourcecode.swift; path = StaticTextView.swift; sourceTree = "<group>"; };
		3E7E4F0B2A59451D00FB3DF7 /* Assets.xcassets */ = {isa = PBXFileReference; lastKnownFileType = folder.assetcatalog; path = Assets.xcassets; sourceTree = "<group>"; };
		3E7E4F0E2A59451D00FB3DF7 /* Preview Assets.xcassets */ = {isa = PBXFileReference; lastKnownFileType = folder.assetcatalog; path = "Preview Assets.xcassets"; sourceTree = "<group>"; };
		3E7E4F142A59451D00FB3DF7 /* SwiftUICatalogTests.xctest */ = {isa = PBXFileReference; explicitFileType = wrapper.cfbundle; includeInIndex = 0; path = SwiftUICatalogTests.xctest; sourceTree = BUILT_PRODUCTS_DIR; };
		3E7E4F182A59451D00FB3DF7 /* CatalogTests.swift */ = {isa = PBXFileReference; lastKnownFileType = sourcecode.swift; path = CatalogTests.swift; sourceTree = "<group>"; };
		3E7E4F1E2A59451D00FB3DF7 /* SwiftUICatalogUITests.xctest */ = {isa = PBXFileReference; explicitFileType = wrapper.cfbundle; includeInIndex = 0; path = SwiftUICatalogUITests.xctest; sourceTree = BUILT_PRODUCTS_DIR; };
		3E7E4F222A59451D00FB3DF7 /* CatalogUITests.swift */ = {isa = PBXFileReference; lastKnownFileType = sourcecode.swift; path = CatalogUITests.swift; sourceTree = "<group>"; };
		3E7E4F242A59451D00FB3DF7 /* CatalogUITestsLaunchTests.swift */ = {isa = PBXFileReference; lastKnownFileType = sourcecode.swift; path = CatalogUITestsLaunchTests.swift; sourceTree = "<group>"; };
		3E7E4F312A59454500FB3DF7 /* MainView.swift */ = {isa = PBXFileReference; lastKnownFileType = sourcecode.swift; path = MainView.swift; sourceTree = "<group>"; };
		3E7E4F332A594E6000FB3DF7 /* StaticText_Length.swift */ = {isa = PBXFileReference; lastKnownFileType = sourcecode.swift; path = StaticText_Length.swift; sourceTree = "<group>"; };
		3E7E4F352A594EAD00FB3DF7 /* StaticText_Style.swift */ = {isa = PBXFileReference; lastKnownFileType = sourcecode.swift; path = StaticText_Style.swift; sourceTree = "<group>"; };
/* End PBXFileReference section */

/* Begin PBXFrameworksBuildPhase section */
		3E7E4F012A59451C00FB3DF7 /* Frameworks */ = {
			isa = PBXFrameworksBuildPhase;
			buildActionMask = 2147483647;
			files = (
			);
			runOnlyForDeploymentPostprocessing = 0;
		};
		3E7E4F112A59451D00FB3DF7 /* Frameworks */ = {
			isa = PBXFrameworksBuildPhase;
			buildActionMask = 2147483647;
			files = (
			);
			runOnlyForDeploymentPostprocessing = 0;
		};
		3E7E4F1B2A59451D00FB3DF7 /* Frameworks */ = {
			isa = PBXFrameworksBuildPhase;
			buildActionMask = 2147483647;
			files = (
			);
			runOnlyForDeploymentPostprocessing = 0;
		};
/* End PBXFrameworksBuildPhase section */

/* Begin PBXGroup section */
		3E709ECC2A5D2D33004A9BC4 /* Image */ = {
			isa = PBXGroup;
			children = (
				3E709ECD2A5D2D66004A9BC4 /* ImageView.swift */,
				3E709ECF2A5D3010004A9BC4 /* Image_Resize.swift */,
				3E709ED52A5D3A0C004A9BC4 /* Image_Shape.swift */,
				3E709ED12A5D309B004A9BC4 /* Image_Tile.swift */,
				3E709ED32A5D3618004A9BC4 /* Image_SFSymbols.swift */,
			);
			path = Image;
			sourceTree = "<group>";
		};
		3E709ED92A5D4207004A9BC4 /* Video */ = {
			isa = PBXGroup;
			children = (
				3E709ED72A5D4202004A9BC4 /* VideoView.swift */,
			);
			path = Video;
			sourceTree = "<group>";
		};
		3E709EE02A5D4EE4004A9BC4 /* HapticFeedback */ = {
			isa = PBXGroup;
			children = (
				3E709EDE2A5D4EDF004A9BC4 /* HapticsView.swift */,
				3E75FFE22A5FCDC60023E4D7 /* HapticEngine.swift */,
				3E279ADF2A601FDF0050E32E /* HapticsView_Music.swift */,
			);
			path = HapticFeedback;
			sourceTree = "<group>";
		};
		3E7E4EFB2A59451C00FB3DF7 = {
			isa = PBXGroup;
			children = (
				3E7E4F062A59451C00FB3DF7 /* Catalog */,
				3E7E4F172A59451D00FB3DF7 /* CatalogTests */,
				3E7E4F212A59451D00FB3DF7 /* CatalogUITests */,
				3E7E4F052A59451C00FB3DF7 /* Products */,
			);
			sourceTree = "<group>";
		};
		3E7E4F052A59451C00FB3DF7 /* Products */ = {
			isa = PBXGroup;
			children = (
				3E7E4F042A59451C00FB3DF7 /* SwiftUICatalog.app */,
				3E7E4F142A59451D00FB3DF7 /* SwiftUICatalogTests.xctest */,
				3E7E4F1E2A59451D00FB3DF7 /* SwiftUICatalogUITests.xctest */,
			);
			name = Products;
			sourceTree = "<group>";
		};
		3E7E4F062A59451C00FB3DF7 /* Catalog */ = {
			isa = PBXGroup;
			children = (
				3E7E4F072A59451C00FB3DF7 /* SwiftUICatalogApp.swift */,
				3E7E4F312A59454500FB3DF7 /* MainView.swift */,
				3E7E4F0B2A59451D00FB3DF7 /* Assets.xcassets */,
				3E279ADD2A601EFC0050E32E /* song.mp3 */,
				3E709EDC2A5D4593004A9BC4 /* ikigai.mov */,
				3E7E4F372A594FBC00FB3DF7 /* StaticText */,
				3E709ECC2A5D2D33004A9BC4 /* Image */,
				3E709ED92A5D4207004A9BC4 /* Video */,
				3E709EE02A5D4EE4004A9BC4 /* HapticFeedback */,
				3E7E4F0D2A59451D00FB3DF7 /* Preview Content */,
				3E279AE12A602D110050E32E /* SpriteBoxView.swift */,
			);
			path = Catalog;
			sourceTree = "<group>";
		};
		3E7E4F0D2A59451D00FB3DF7 /* Preview Content */ = {
			isa = PBXGroup;
			children = (
				3E7E4F0E2A59451D00FB3DF7 /* Preview Assets.xcassets */,
			);
			path = "Preview Content";
			sourceTree = "<group>";
		};
		3E7E4F172A59451D00FB3DF7 /* CatalogTests */ = {
			isa = PBXGroup;
			children = (
				3E7E4F182A59451D00FB3DF7 /* CatalogTests.swift */,
			);
			path = CatalogTests;
			sourceTree = "<group>";
		};
		3E7E4F212A59451D00FB3DF7 /* CatalogUITests */ = {
			isa = PBXGroup;
			children = (
				3E7E4F222A59451D00FB3DF7 /* CatalogUITests.swift */,
				3E7E4F242A59451D00FB3DF7 /* CatalogUITestsLaunchTests.swift */,
			);
			path = CatalogUITests;
			sourceTree = "<group>";
		};
		3E7E4F372A594FBC00FB3DF7 /* StaticText */ = {
			isa = PBXGroup;
			children = (
				3E7E4F092A59451C00FB3DF7 /* StaticTextView.swift */,
				3E7E4F332A594E6000FB3DF7 /* StaticText_Length.swift */,
				3E7E4F352A594EAD00FB3DF7 /* StaticText_Style.swift */,
				3E709EC82A5D112E004A9BC4 /* StaticText_AtributedString.swift */,
				3E709ECA2A5D2415004A9BC4 /* StaticText_TextAlignment.swift */,
			);
			path = StaticText;
			sourceTree = "<group>";
		};
/* End PBXGroup section */

/* Begin PBXNativeTarget section */
		3E7E4F032A59451C00FB3DF7 /* SwiftUICatalog */ = {
			isa = PBXNativeTarget;
			buildConfigurationList = 3E7E4F282A59451D00FB3DF7 /* Build configuration list for PBXNativeTarget "SwiftUICatalog" */;
			buildPhases = (
				3E7E4F002A59451C00FB3DF7 /* Sources */,
				3E7E4F012A59451C00FB3DF7 /* Frameworks */,
				3E7E4F022A59451C00FB3DF7 /* Resources */,
			);
			buildRules = (
			);
			dependencies = (
			);
			name = SwiftUICatalog;
			productName = Catalog;
			productReference = 3E7E4F042A59451C00FB3DF7 /* SwiftUICatalog.app */;
			productType = "com.apple.product-type.application";
		};
		3E7E4F132A59451D00FB3DF7 /* SwiftUICatalogTests */ = {
			isa = PBXNativeTarget;
			buildConfigurationList = 3E7E4F2B2A59451D00FB3DF7 /* Build configuration list for PBXNativeTarget "SwiftUICatalogTests" */;
			buildPhases = (
				3E7E4F102A59451D00FB3DF7 /* Sources */,
				3E7E4F112A59451D00FB3DF7 /* Frameworks */,
				3E7E4F122A59451D00FB3DF7 /* Resources */,
			);
			buildRules = (
			);
			dependencies = (
				3E7E4F162A59451D00FB3DF7 /* PBXTargetDependency */,
			);
			name = SwiftUICatalogTests;
			productName = CatalogTests;
			productReference = 3E7E4F142A59451D00FB3DF7 /* SwiftUICatalogTests.xctest */;
			productType = "com.apple.product-type.bundle.unit-test";
		};
		3E7E4F1D2A59451D00FB3DF7 /* SwiftUICatalogUITests */ = {
			isa = PBXNativeTarget;
			buildConfigurationList = 3E7E4F2E2A59451D00FB3DF7 /* Build configuration list for PBXNativeTarget "SwiftUICatalogUITests" */;
			buildPhases = (
				3E7E4F1A2A59451D00FB3DF7 /* Sources */,
				3E7E4F1B2A59451D00FB3DF7 /* Frameworks */,
				3E7E4F1C2A59451D00FB3DF7 /* Resources */,
			);
			buildRules = (
			);
			dependencies = (
				3E7E4F202A59451D00FB3DF7 /* PBXTargetDependency */,
			);
			name = SwiftUICatalogUITests;
			productName = CatalogUITests;
			productReference = 3E7E4F1E2A59451D00FB3DF7 /* SwiftUICatalogUITests.xctest */;
			productType = "com.apple.product-type.bundle.ui-testing";
		};
/* End PBXNativeTarget section */

/* Begin PBXProject section */
		3E7E4EFC2A59451C00FB3DF7 /* Project object */ = {
			isa = PBXProject;
			attributes = {
				BuildIndependentTargetsInParallel = 1;
				LastSwiftUpdateCheck = 1430;
				LastUpgradeCheck = 1430;
				TargetAttributes = {
					3E7E4F032A59451C00FB3DF7 = {
						CreatedOnToolsVersion = 14.3.1;
					};
					3E7E4F132A59451D00FB3DF7 = {
						CreatedOnToolsVersion = 14.3.1;
						TestTargetID = 3E7E4F032A59451C00FB3DF7;
					};
					3E7E4F1D2A59451D00FB3DF7 = {
						CreatedOnToolsVersion = 14.3.1;
						TestTargetID = 3E7E4F032A59451C00FB3DF7;
					};
				};
			};
			buildConfigurationList = 3E7E4EFF2A59451C00FB3DF7 /* Build configuration list for PBXProject "SwiftUICatalog" */;
			compatibilityVersion = "Xcode 14.0";
			developmentRegion = en;
			hasScannedForEncodings = 0;
			knownRegions = (
				en,
				Base,
			);
			mainGroup = 3E7E4EFB2A59451C00FB3DF7;
			productRefGroup = 3E7E4F052A59451C00FB3DF7 /* Products */;
			projectDirPath = "";
			projectRoot = "";
			targets = (
				3E7E4F032A59451C00FB3DF7 /* SwiftUICatalog */,
				3E7E4F132A59451D00FB3DF7 /* SwiftUICatalogTests */,
				3E7E4F1D2A59451D00FB3DF7 /* SwiftUICatalogUITests */,
			);
		};
/* End PBXProject section */

/* Begin PBXResourcesBuildPhase section */
		3E7E4F022A59451C00FB3DF7 /* Resources */ = {
			isa = PBXResourcesBuildPhase;
			buildActionMask = 2147483647;
			files = (
				3E7E4F0F2A59451D00FB3DF7 /* Preview Assets.xcassets in Resources */,
				3E279ADE2A601EFC0050E32E /* song.mp3 in Resources */,
				3E709EDD2A5D4593004A9BC4 /* ikigai.mov in Resources */,
				3E7E4F0C2A59451D00FB3DF7 /* Assets.xcassets in Resources */,
			);
			runOnlyForDeploymentPostprocessing = 0;
		};
		3E7E4F122A59451D00FB3DF7 /* Resources */ = {
			isa = PBXResourcesBuildPhase;
			buildActionMask = 2147483647;
			files = (
			);
			runOnlyForDeploymentPostprocessing = 0;
		};
		3E7E4F1C2A59451D00FB3DF7 /* Resources */ = {
			isa = PBXResourcesBuildPhase;
			buildActionMask = 2147483647;
			files = (
			);
			runOnlyForDeploymentPostprocessing = 0;
		};
/* End PBXResourcesBuildPhase section */

/* Begin PBXSourcesBuildPhase section */
		3E7E4F002A59451C00FB3DF7 /* Sources */ = {
			isa = PBXSourcesBuildPhase;
			buildActionMask = 2147483647;
			files = (
				3E709ED02A5D3010004A9BC4 /* Image_Resize.swift in Sources */,
				3E75FFE32A5FCDC60023E4D7 /* HapticEngine.swift in Sources */,
				3E709ECE2A5D2D66004A9BC4 /* ImageView.swift in Sources */,
				3E279AE02A601FDF0050E32E /* HapticsView_Music.swift in Sources */,
				3E709EDF2A5D4EDF004A9BC4 /* HapticsView.swift in Sources */,
				3E7E4F0A2A59451C00FB3DF7 /* StaticTextView.swift in Sources */,
				3E709ED42A5D3618004A9BC4 /* Image_SFSymbols.swift in Sources */,
				3E7E4F322A59454500FB3DF7 /* MainView.swift in Sources */,
				3E279AE22A602D110050E32E /* SpriteBoxView.swift in Sources */,
				3E7E4F342A594E6000FB3DF7 /* StaticText_Length.swift in Sources */,
				3E7E4F362A594EAD00FB3DF7 /* StaticText_Style.swift in Sources */,
				3E709ED62A5D3A0C004A9BC4 /* Image_Shape.swift in Sources */,
				3E709EC92A5D112E004A9BC4 /* StaticText_AtributedString.swift in Sources */,
				3E709ED22A5D309B004A9BC4 /* Image_Tile.swift in Sources */,
				3E709ECB2A5D2415004A9BC4 /* StaticText_TextAlignment.swift in Sources */,
				3E7E4F082A59451C00FB3DF7 /* SwiftUICatalogApp.swift in Sources */,
				3E709ED82A5D4202004A9BC4 /* VideoView.swift in Sources */,
			);
			runOnlyForDeploymentPostprocessing = 0;
		};
		3E7E4F102A59451D00FB3DF7 /* Sources */ = {
			isa = PBXSourcesBuildPhase;
			buildActionMask = 2147483647;
			files = (
				3E7E4F192A59451D00FB3DF7 /* CatalogTests.swift in Sources */,
			);
			runOnlyForDeploymentPostprocessing = 0;
		};
		3E7E4F1A2A59451D00FB3DF7 /* Sources */ = {
			isa = PBXSourcesBuildPhase;
			buildActionMask = 2147483647;
			files = (
				3E7E4F252A59451D00FB3DF7 /* CatalogUITestsLaunchTests.swift in Sources */,
				3E7E4F232A59451D00FB3DF7 /* CatalogUITests.swift in Sources */,
			);
			runOnlyForDeploymentPostprocessing = 0;
		};
/* End PBXSourcesBuildPhase section */

/* Begin PBXTargetDependency section */
		3E7E4F162A59451D00FB3DF7 /* PBXTargetDependency */ = {
			isa = PBXTargetDependency;
			target = 3E7E4F032A59451C00FB3DF7 /* SwiftUICatalog */;
			targetProxy = 3E7E4F152A59451D00FB3DF7 /* PBXContainerItemProxy */;
		};
		3E7E4F202A59451D00FB3DF7 /* PBXTargetDependency */ = {
			isa = PBXTargetDependency;
			target = 3E7E4F032A59451C00FB3DF7 /* SwiftUICatalog */;
			targetProxy = 3E7E4F1F2A59451D00FB3DF7 /* PBXContainerItemProxy */;
		};
/* End PBXTargetDependency section */

/* Begin XCBuildConfiguration section */
		3E7E4F262A59451D00FB3DF7 /* Debug */ = {
			isa = XCBuildConfiguration;
			buildSettings = {
				ALWAYS_SEARCH_USER_PATHS = NO;
				CLANG_ANALYZER_NONNULL = YES;
				CLANG_ANALYZER_NUMBER_OBJECT_CONVERSION = YES_AGGRESSIVE;
				CLANG_CXX_LANGUAGE_STANDARD = "gnu++20";
				CLANG_ENABLE_MODULES = YES;
				CLANG_ENABLE_OBJC_ARC = YES;
				CLANG_ENABLE_OBJC_WEAK = YES;
				CLANG_WARN_BLOCK_CAPTURE_AUTORELEASING = YES;
				CLANG_WARN_BOOL_CONVERSION = YES;
				CLANG_WARN_COMMA = YES;
				CLANG_WARN_CONSTANT_CONVERSION = YES;
				CLANG_WARN_DEPRECATED_OBJC_IMPLEMENTATIONS = YES;
				CLANG_WARN_DIRECT_OBJC_ISA_USAGE = YES_ERROR;
				CLANG_WARN_DOCUMENTATION_COMMENTS = YES;
				CLANG_WARN_EMPTY_BODY = YES;
				CLANG_WARN_ENUM_CONVERSION = YES;
				CLANG_WARN_INFINITE_RECURSION = YES;
				CLANG_WARN_INT_CONVERSION = YES;
				CLANG_WARN_NON_LITERAL_NULL_CONVERSION = YES;
				CLANG_WARN_OBJC_IMPLICIT_RETAIN_SELF = YES;
				CLANG_WARN_OBJC_LITERAL_CONVERSION = YES;
				CLANG_WARN_OBJC_ROOT_CLASS = YES_ERROR;
				CLANG_WARN_QUOTED_INCLUDE_IN_FRAMEWORK_HEADER = YES;
				CLANG_WARN_RANGE_LOOP_ANALYSIS = YES;
				CLANG_WARN_STRICT_PROTOTYPES = YES;
				CLANG_WARN_SUSPICIOUS_MOVE = YES;
				CLANG_WARN_UNGUARDED_AVAILABILITY = YES_AGGRESSIVE;
				CLANG_WARN_UNREACHABLE_CODE = YES;
				CLANG_WARN__DUPLICATE_METHOD_MATCH = YES;
				COPY_PHASE_STRIP = NO;
				DEBUG_INFORMATION_FORMAT = dwarf;
				ENABLE_STRICT_OBJC_MSGSEND = YES;
				ENABLE_TESTABILITY = YES;
				GCC_C_LANGUAGE_STANDARD = gnu11;
				GCC_DYNAMIC_NO_PIC = NO;
				GCC_NO_COMMON_BLOCKS = YES;
				GCC_OPTIMIZATION_LEVEL = 0;
				GCC_PREPROCESSOR_DEFINITIONS = (
					"DEBUG=1",
					"$(inherited)",
				);
				GCC_WARN_64_TO_32_BIT_CONVERSION = YES;
				GCC_WARN_ABOUT_RETURN_TYPE = YES_ERROR;
				GCC_WARN_UNDECLARED_SELECTOR = YES;
				GCC_WARN_UNINITIALIZED_AUTOS = YES_AGGRESSIVE;
				GCC_WARN_UNUSED_FUNCTION = YES;
				GCC_WARN_UNUSED_VARIABLE = YES;
				IPHONEOS_DEPLOYMENT_TARGET = 16.4;
				MTL_ENABLE_DEBUG_INFO = INCLUDE_SOURCE;
				MTL_FAST_MATH = YES;
				ONLY_ACTIVE_ARCH = YES;
				SDKROOT = iphoneos;
				SWIFT_ACTIVE_COMPILATION_CONDITIONS = DEBUG;
				SWIFT_OPTIMIZATION_LEVEL = "-Onone";
			};
			name = Debug;
		};
		3E7E4F272A59451D00FB3DF7 /* Release */ = {
			isa = XCBuildConfiguration;
			buildSettings = {
				ALWAYS_SEARCH_USER_PATHS = NO;
				CLANG_ANALYZER_NONNULL = YES;
				CLANG_ANALYZER_NUMBER_OBJECT_CONVERSION = YES_AGGRESSIVE;
				CLANG_CXX_LANGUAGE_STANDARD = "gnu++20";
				CLANG_ENABLE_MODULES = YES;
				CLANG_ENABLE_OBJC_ARC = YES;
				CLANG_ENABLE_OBJC_WEAK = YES;
				CLANG_WARN_BLOCK_CAPTURE_AUTORELEASING = YES;
				CLANG_WARN_BOOL_CONVERSION = YES;
				CLANG_WARN_COMMA = YES;
				CLANG_WARN_CONSTANT_CONVERSION = YES;
				CLANG_WARN_DEPRECATED_OBJC_IMPLEMENTATIONS = YES;
				CLANG_WARN_DIRECT_OBJC_ISA_USAGE = YES_ERROR;
				CLANG_WARN_DOCUMENTATION_COMMENTS = YES;
				CLANG_WARN_EMPTY_BODY = YES;
				CLANG_WARN_ENUM_CONVERSION = YES;
				CLANG_WARN_INFINITE_RECURSION = YES;
				CLANG_WARN_INT_CONVERSION = YES;
				CLANG_WARN_NON_LITERAL_NULL_CONVERSION = YES;
				CLANG_WARN_OBJC_IMPLICIT_RETAIN_SELF = YES;
				CLANG_WARN_OBJC_LITERAL_CONVERSION = YES;
				CLANG_WARN_OBJC_ROOT_CLASS = YES_ERROR;
				CLANG_WARN_QUOTED_INCLUDE_IN_FRAMEWORK_HEADER = YES;
				CLANG_WARN_RANGE_LOOP_ANALYSIS = YES;
				CLANG_WARN_STRICT_PROTOTYPES = YES;
				CLANG_WARN_SUSPICIOUS_MOVE = YES;
				CLANG_WARN_UNGUARDED_AVAILABILITY = YES_AGGRESSIVE;
				CLANG_WARN_UNREACHABLE_CODE = YES;
				CLANG_WARN__DUPLICATE_METHOD_MATCH = YES;
				COPY_PHASE_STRIP = NO;
				DEBUG_INFORMATION_FORMAT = "dwarf-with-dsym";
				ENABLE_NS_ASSERTIONS = NO;
				ENABLE_STRICT_OBJC_MSGSEND = YES;
				GCC_C_LANGUAGE_STANDARD = gnu11;
				GCC_NO_COMMON_BLOCKS = YES;
				GCC_WARN_64_TO_32_BIT_CONVERSION = YES;
				GCC_WARN_ABOUT_RETURN_TYPE = YES_ERROR;
				GCC_WARN_UNDECLARED_SELECTOR = YES;
				GCC_WARN_UNINITIALIZED_AUTOS = YES_AGGRESSIVE;
				GCC_WARN_UNUSED_FUNCTION = YES;
				GCC_WARN_UNUSED_VARIABLE = YES;
				IPHONEOS_DEPLOYMENT_TARGET = 16.4;
				MTL_ENABLE_DEBUG_INFO = NO;
				MTL_FAST_MATH = YES;
				SDKROOT = iphoneos;
				SWIFT_COMPILATION_MODE = wholemodule;
				SWIFT_OPTIMIZATION_LEVEL = "-O";
				VALIDATE_PRODUCT = YES;
			};
			name = Release;
		};
		3E7E4F292A59451D00FB3DF7 /* Debug */ = {
			isa = XCBuildConfiguration;
			buildSettings = {
				ASSETCATALOG_COMPILER_APPICON_NAME = AppIcon;
				ASSETCATALOG_COMPILER_GLOBAL_ACCENT_COLOR_NAME = AccentColor;
				CODE_SIGN_STYLE = Automatic;
				CURRENT_PROJECT_VERSION = 1;
				DEVELOPMENT_ASSET_PATHS = "\"Catalog/Preview Content\"";
				DEVELOPMENT_TEAM = CH9GHVXXU9;
				ENABLE_PREVIEWS = YES;
				GENERATE_INFOPLIST_FILE = YES;
				INFOPLIST_KEY_UIApplicationSceneManifest_Generation = YES;
				INFOPLIST_KEY_UIApplicationSupportsIndirectInputEvents = YES;
				INFOPLIST_KEY_UILaunchScreen_Generation = YES;
				INFOPLIST_KEY_UISupportedInterfaceOrientations_iPad = "UIInterfaceOrientationPortrait UIInterfaceOrientationPortraitUpsideDown UIInterfaceOrientationLandscapeLeft UIInterfaceOrientationLandscapeRight";
				INFOPLIST_KEY_UISupportedInterfaceOrientations_iPhone = "UIInterfaceOrientationPortrait UIInterfaceOrientationLandscapeLeft UIInterfaceOrientationLandscapeRight";
				LD_RUNPATH_SEARCH_PATHS = (
					"$(inherited)",
					"@executable_path/Frameworks",
				);
				MARKETING_VERSION = 1.0;
				PRODUCT_BUNDLE_IDENTIFIER = jp.13an.Catalog;
				PRODUCT_NAME = "$(TARGET_NAME)";
				SWIFT_EMIT_LOC_STRINGS = YES;
				SWIFT_VERSION = 5.0;
				TARGETED_DEVICE_FAMILY = "1,2";
			};
			name = Debug;
		};
		3E7E4F2A2A59451D00FB3DF7 /* Release */ = {
			isa = XCBuildConfiguration;
			buildSettings = {
				ASSETCATALOG_COMPILER_APPICON_NAME = AppIcon;
				ASSETCATALOG_COMPILER_GLOBAL_ACCENT_COLOR_NAME = AccentColor;
				CODE_SIGN_STYLE = Automatic;
				CURRENT_PROJECT_VERSION = 1;
				DEVELOPMENT_ASSET_PATHS = "\"Catalog/Preview Content\"";
				DEVELOPMENT_TEAM = CH9GHVXXU9;
				ENABLE_PREVIEWS = YES;
				GENERATE_INFOPLIST_FILE = YES;
				INFOPLIST_KEY_UIApplicationSceneManifest_Generation = YES;
				INFOPLIST_KEY_UIApplicationSupportsIndirectInputEvents = YES;
				INFOPLIST_KEY_UILaunchScreen_Generation = YES;
				INFOPLIST_KEY_UISupportedInterfaceOrientations_iPad = "UIInterfaceOrientationPortrait UIInterfaceOrientationPortraitUpsideDown UIInterfaceOrientationLandscapeLeft UIInterfaceOrientationLandscapeRight";
				INFOPLIST_KEY_UISupportedInterfaceOrientations_iPhone = "UIInterfaceOrientationPortrait UIInterfaceOrientationLandscapeLeft UIInterfaceOrientationLandscapeRight";
				LD_RUNPATH_SEARCH_PATHS = (
					"$(inherited)",
					"@executable_path/Frameworks",
				);
				MARKETING_VERSION = 1.0;
				PRODUCT_BUNDLE_IDENTIFIER = jp.13an.Catalog;
				PRODUCT_NAME = "$(TARGET_NAME)";
				SWIFT_EMIT_LOC_STRINGS = YES;
				SWIFT_VERSION = 5.0;
				TARGETED_DEVICE_FAMILY = "1,2";
			};
			name = Release;
		};
		3E7E4F2C2A59451D00FB3DF7 /* Debug */ = {
			isa = XCBuildConfiguration;
			buildSettings = {
				ALWAYS_EMBED_SWIFT_STANDARD_LIBRARIES = YES;
				BUNDLE_LOADER = "$(TEST_HOST)";
				CODE_SIGN_STYLE = Automatic;
				CURRENT_PROJECT_VERSION = 1;
				DEVELOPMENT_TEAM = CH9GHVXXU9;
				GENERATE_INFOPLIST_FILE = YES;
				IPHONEOS_DEPLOYMENT_TARGET = 16.4;
				MARKETING_VERSION = 1.0;
				PRODUCT_BUNDLE_IDENTIFIER = jp.13an.CatalogTests;
				PRODUCT_NAME = "$(TARGET_NAME)";
				SWIFT_EMIT_LOC_STRINGS = NO;
				SWIFT_VERSION = 5.0;
				TARGETED_DEVICE_FAMILY = "1,2";
				TEST_HOST = "$(BUILT_PRODUCTS_DIR)/SwiftUICatalog.app/$(BUNDLE_EXECUTABLE_FOLDER_PATH)/SwiftUICatalog";
			};
			name = Debug;
		};
		3E7E4F2D2A59451D00FB3DF7 /* Release */ = {
			isa = XCBuildConfiguration;
			buildSettings = {
				ALWAYS_EMBED_SWIFT_STANDARD_LIBRARIES = YES;
				BUNDLE_LOADER = "$(TEST_HOST)";
				CODE_SIGN_STYLE = Automatic;
				CURRENT_PROJECT_VERSION = 1;
				DEVELOPMENT_TEAM = CH9GHVXXU9;
				GENERATE_INFOPLIST_FILE = YES;
				IPHONEOS_DEPLOYMENT_TARGET = 16.4;
				MARKETING_VERSION = 1.0;
				PRODUCT_BUNDLE_IDENTIFIER = jp.13an.CatalogTests;
				PRODUCT_NAME = "$(TARGET_NAME)";
				SWIFT_EMIT_LOC_STRINGS = NO;
				SWIFT_VERSION = 5.0;
				TARGETED_DEVICE_FAMILY = "1,2";
				TEST_HOST = "$(BUILT_PRODUCTS_DIR)/SwiftUICatalog.app/$(BUNDLE_EXECUTABLE_FOLDER_PATH)/SwiftUICatalog";
			};
			name = Release;
		};
		3E7E4F2F2A59451D00FB3DF7 /* Debug */ = {
			isa = XCBuildConfiguration;
			buildSettings = {
				ALWAYS_EMBED_SWIFT_STANDARD_LIBRARIES = YES;
				CODE_SIGN_STYLE = Automatic;
				CURRENT_PROJECT_VERSION = 1;
				DEVELOPMENT_TEAM = CH9GHVXXU9;
				GENERATE_INFOPLIST_FILE = YES;
				MARKETING_VERSION = 1.0;
				PRODUCT_BUNDLE_IDENTIFIER = jp.13an.CatalogUITests;
				PRODUCT_NAME = "$(TARGET_NAME)";
				SWIFT_EMIT_LOC_STRINGS = NO;
				SWIFT_VERSION = 5.0;
				TARGETED_DEVICE_FAMILY = "1,2";
				TEST_TARGET_NAME = Catalog;
			};
			name = Debug;
		};
		3E7E4F302A59451D00FB3DF7 /* Release */ = {
			isa = XCBuildConfiguration;
			buildSettings = {
				ALWAYS_EMBED_SWIFT_STANDARD_LIBRARIES = YES;
				CODE_SIGN_STYLE = Automatic;
				CURRENT_PROJECT_VERSION = 1;
				DEVELOPMENT_TEAM = CH9GHVXXU9;
				GENERATE_INFOPLIST_FILE = YES;
				MARKETING_VERSION = 1.0;
				PRODUCT_BUNDLE_IDENTIFIER = jp.13an.CatalogUITests;
				PRODUCT_NAME = "$(TARGET_NAME)";
				SWIFT_EMIT_LOC_STRINGS = NO;
				SWIFT_VERSION = 5.0;
				TARGETED_DEVICE_FAMILY = "1,2";
				TEST_TARGET_NAME = Catalog;
			};
			name = Release;
		};
/* End XCBuildConfiguration section */

/* Begin XCConfigurationList section */
		3E7E4EFF2A59451C00FB3DF7 /* Build configuration list for PBXProject "SwiftUICatalog" */ = {
			isa = XCConfigurationList;
			buildConfigurations = (
				3E7E4F262A59451D00FB3DF7 /* Debug */,
				3E7E4F272A59451D00FB3DF7 /* Release */,
			);
			defaultConfigurationIsVisible = 0;
			defaultConfigurationName = Release;
		};
		3E7E4F282A59451D00FB3DF7 /* Build configuration list for PBXNativeTarget "SwiftUICatalog" */ = {
			isa = XCConfigurationList;
			buildConfigurations = (
				3E7E4F292A59451D00FB3DF7 /* Debug */,
				3E7E4F2A2A59451D00FB3DF7 /* Release */,
			);
			defaultConfigurationIsVisible = 0;
			defaultConfigurationName = Release;
		};
		3E7E4F2B2A59451D00FB3DF7 /* Build configuration list for PBXNativeTarget "SwiftUICatalogTests" */ = {
			isa = XCConfigurationList;
			buildConfigurations = (
				3E7E4F2C2A59451D00FB3DF7 /* Debug */,
				3E7E4F2D2A59451D00FB3DF7 /* Release */,
			);
			defaultConfigurationIsVisible = 0;
			defaultConfigurationName = Release;
		};
		3E7E4F2E2A59451D00FB3DF7 /* Build configuration list for PBXNativeTarget "SwiftUICatalogUITests" */ = {
			isa = XCConfigurationList;
			buildConfigurations = (
				3E7E4F2F2A59451D00FB3DF7 /* Debug */,
				3E7E4F302A59451D00FB3DF7 /* Release */,
			);
			defaultConfigurationIsVisible = 0;
			defaultConfigurationName = Release;
		};
/* End XCConfigurationList section */
	};
	rootObject = 3E7E4EFC2A59451C00FB3DF7 /* Project object */;
}
